// !$*UTF8*$!
{
	archiveVersion = 1;
	classes = {
	};
	objectVersion = 46;
	objects = {

/* Begin PBXBuildFile section */
		DB09ADD11F7844B900D4D266 /* __0046_Gold_.jpg in Resources */ = {isa = PBXBuildFile; fileRef = DB09ADC51F7844B900D4D266 /* __0046_Gold_.jpg */; };
		DB09ADD21F7844B900D4D266 /* __Metal_Aluminum_Anodized_1.jpg in Resources */ = {isa = PBXBuildFile; fileRef = DB09ADC61F7844B900D4D266 /* __Metal_Aluminum_Anodized_1.jpg */; };
		DB09ADD31F7844B900D4D266 /* __Metal_Corrogated_Shiny_2.jpg in Resources */ = {isa = PBXBuildFile; fileRef = DB09ADC71F7844B900D4D266 /* __Metal_Corrogated_Shiny_2.jpg */; };
		DB09ADD41F7844B900D4D266 /* __Metal_Corrogated_Shiny_5.jpg in Resources */ = {isa = PBXBuildFile; fileRef = DB09ADC81F7844B900D4D266 /* __Metal_Corrogated_Shiny_5.jpg */; };
		DB09ADD51F7844B900D4D266 /* __Metal_Corrogated_Shiny_5_1.jpg in Resources */ = {isa = PBXBuildFile; fileRef = DB09ADC91F7844B900D4D266 /* __Metal_Corrogated_Shiny_5_1.jpg */; };
		DB09ADD61F7844B900D4D266 /* __Metal_Corrogated_Shiny_6.jpg in Resources */ = {isa = PBXBuildFile; fileRef = DB09ADCA1F7844B900D4D266 /* __Metal_Corrogated_Shiny_6.jpg */; };
		DB09ADD71F7844B900D4D266 /* __Metal_Corrogated_Shiny_7.jpg in Resources */ = {isa = PBXBuildFile; fileRef = DB09ADCB1F7844B900D4D266 /* __Metal_Corrogated_Shiny_7.jpg */; };
		DB09ADD81F7844B900D4D266 /* __Metal_Rough_1.jpg in Resources */ = {isa = PBXBuildFile; fileRef = DB09ADCC1F7844B900D4D266 /* __Metal_Rough_1.jpg */; };
		DB09ADD91F7844B900D4D266 /* MOBO.png in Resources */ = {isa = PBXBuildFile; fileRef = DB09ADCD1F7844B900D4D266 /* MOBO.png */; };
		DB09ADDA1F7844B900D4D266 /* ROG_extreme_2.jpg in Resources */ = {isa = PBXBuildFile; fileRef = DB09ADCE1F7844B900D4D266 /* ROG_extreme_2.jpg */; };
		DB09ADDB1F7844B900D4D266 /* Sem_t_tulo-1.png in Resources */ = {isa = PBXBuildFile; fileRef = DB09ADCF1F7844B900D4D266 /* Sem_t_tulo-1.png */; };
		DB09ADDC1F7844B900D4D266 /* controllermodel.dae in Resources */ = {isa = PBXBuildFile; fileRef = DB09ADD01F7844B900D4D266 /* controllermodel.dae */; };
		DB0E62FC1F721067009D3680 /* GoogleService-Info.plist in Resources */ = {isa = PBXBuildFile; fileRef = DB0E62FB1F721067009D3680 /* GoogleService-Info.plist */; };
		DB0E63021F722A79009D3680 /* radar.png in Resources */ = {isa = PBXBuildFile; fileRef = DB0E63011F722A79009D3680 /* radar.png */; };
		DB0E63791F7231E7009D3680 /* screw.dae in Resources */ = {isa = PBXBuildFile; fileRef = DB0E63781F7231E7009D3680 /* screw.dae */; };
		DB0E639E1F72345C009D3680 /* back.png in Resources */ = {isa = PBXBuildFile; fileRef = DB0E637B1F72345C009D3680 /* back.png */; };
		DB0E639F1F72345C009D3680 /* bottom.png in Resources */ = {isa = PBXBuildFile; fileRef = DB0E637C1F72345C009D3680 /* bottom.png */; };
		DB0E63A01F72345C009D3680 /* ceilingarraystudio-latlong-1krenderer.exr in Resources */ = {isa = PBXBuildFile; fileRef = DB0E637D1F72345C009D3680 /* ceilingarraystudio-latlong-1krenderer.exr */; };
		DB0E63A11F72345C009D3680 /* ceilingarraystudio-thumb.jpg in Resources */ = {isa = PBXBuildFile; fileRef = DB0E637E1F72345C009D3680 /* ceilingarraystudio-thumb.jpg */; };
		DB0E63A21F72345C009D3680 /* ceilingarraystudioird-c00renderer.exr in Resources */ = {isa = PBXBuildFile; fileRef = DB0E637F1F72345C009D3680 /* ceilingarraystudioird-c00renderer.exr */; };
		DB0E63A31F72345C009D3680 /* ceilingarraystudioird-c01renderer.exr in Resources */ = {isa = PBXBuildFile; fileRef = DB0E63801F72345C009D3680 /* ceilingarraystudioird-c01renderer.exr */; };
		DB0E63A41F72345C009D3680 /* ceilingarraystudioird-c02renderer.exr in Resources */ = {isa = PBXBuildFile; fileRef = DB0E63811F72345C009D3680 /* ceilingarraystudioird-c02renderer.exr */; };
		DB0E63A51F72345C009D3680 /* ceilingarraystudioird-c03renderer.exr in Resources */ = {isa = PBXBuildFile; fileRef = DB0E63821F72345C009D3680 /* ceilingarraystudioird-c03renderer.exr */; };
		DB0E63A61F72345C009D3680 /* ceilingarraystudioird-c04renderer.exr in Resources */ = {isa = PBXBuildFile; fileRef = DB0E63831F72345C009D3680 /* ceilingarraystudioird-c04renderer.exr */; };
		DB0E63A71F72345C009D3680 /* ceilingarraystudioird-c05renderer.exr in Resources */ = {isa = PBXBuildFile; fileRef = DB0E63841F72345C009D3680 /* ceilingarraystudioird-c05renderer.exr */; };
		DB0E63A81F72345C009D3680 /* ceilingarraystudiospe-c00renderer.exr in Resources */ = {isa = PBXBuildFile; fileRef = DB0E63851F72345C009D3680 /* ceilingarraystudiospe-c00renderer.exr */; };
		DB0E63A91F72345C009D3680 /* ceilingarraystudiospe-c01renderer.exr in Resources */ = {isa = PBXBuildFile; fileRef = DB0E63861F72345C009D3680 /* ceilingarraystudiospe-c01renderer.exr */; };
		DB0E63AA1F72345C009D3680 /* ceilingarraystudiospe-c02renderer.exr in Resources */ = {isa = PBXBuildFile; fileRef = DB0E63871F72345C009D3680 /* ceilingarraystudiospe-c02renderer.exr */; };
		DB0E63AB1F72345C009D3680 /* ceilingarraystudiospe-c03renderer.exr in Resources */ = {isa = PBXBuildFile; fileRef = DB0E63881F72345C009D3680 /* ceilingarraystudiospe-c03renderer.exr */; };
		DB0E63AC1F72345C009D3680 /* ceilingarraystudiospe-c04renderer.exr in Resources */ = {isa = PBXBuildFile; fileRef = DB0E63891F72345C009D3680 /* ceilingarraystudiospe-c04renderer.exr */; };
		DB0E63AD1F72345C009D3680 /* ceilingarraystudiospe-c05renderer.exr in Resources */ = {isa = PBXBuildFile; fileRef = DB0E638A1F72345C009D3680 /* ceilingarraystudiospe-c05renderer.exr */; };
		DB0E63AE1F72345C009D3680 /* front.png in Resources */ = {isa = PBXBuildFile; fileRef = DB0E638B1F72345C009D3680 /* front.png */; };
		DB0E63AF1F72345C009D3680 /* left.png in Resources */ = {isa = PBXBuildFile; fileRef = DB0E638C1F72345C009D3680 /* left.png */; };
		DB0E63B01F72345C009D3680 /* negx.jpg in Resources */ = {isa = PBXBuildFile; fileRef = DB0E638D1F72345C009D3680 /* negx.jpg */; };
		DB0E63B11F72345C009D3680 /* negx.png in Resources */ = {isa = PBXBuildFile; fileRef = DB0E638E1F72345C009D3680 /* negx.png */; };
		DB0E63B21F72345C009D3680 /* negy.jpg in Resources */ = {isa = PBXBuildFile; fileRef = DB0E638F1F72345C009D3680 /* negy.jpg */; };
		DB0E63B31F72345C009D3680 /* negy.png in Resources */ = {isa = PBXBuildFile; fileRef = DB0E63901F72345C009D3680 /* negy.png */; };
		DB0E63B41F72345C009D3680 /* negz.jpg in Resources */ = {isa = PBXBuildFile; fileRef = DB0E63911F72345C009D3680 /* negz.jpg */; };
		DB0E63B51F72345C009D3680 /* negz.png in Resources */ = {isa = PBXBuildFile; fileRef = DB0E63921F72345C009D3680 /* negz.png */; };
		DB0E63B61F72345C009D3680 /* nissan-front-wheel.dae in Resources */ = {isa = PBXBuildFile; fileRef = DB0E63931F72345C009D3680 /* nissan-front-wheel.dae */; };
		DB0E63B71F72345C009D3680 /* noisebump.jpg in Resources */ = {isa = PBXBuildFile; fileRef = DB0E63941F72345C009D3680 /* noisebump.jpg */; };
		DB0E63B81F72345C009D3680 /* posx.jpg in Resources */ = {isa = PBXBuildFile; fileRef = DB0E63951F72345C009D3680 /* posx.jpg */; };
		DB0E63B91F72345C009D3680 /* posx.png in Resources */ = {isa = PBXBuildFile; fileRef = DB0E63961F72345C009D3680 /* posx.png */; };
		DB0E63BA1F72345C009D3680 /* posy.jpg in Resources */ = {isa = PBXBuildFile; fileRef = DB0E63971F72345C009D3680 /* posy.jpg */; };
		DB0E63BB1F72345C009D3680 /* posy.png in Resources */ = {isa = PBXBuildFile; fileRef = DB0E63981F72345C009D3680 /* posy.png */; };
		DB0E63BC1F72345C009D3680 /* posz.jpg in Resources */ = {isa = PBXBuildFile; fileRef = DB0E63991F72345C009D3680 /* posz.jpg */; };
		DB0E63BD1F72345C009D3680 /* posz.png in Resources */ = {isa = PBXBuildFile; fileRef = DB0E639A1F72345C009D3680 /* posz.png */; };
		DB0E63BE1F72345C009D3680 /* right.png in Resources */ = {isa = PBXBuildFile; fileRef = DB0E639B1F72345C009D3680 /* right.png */; };
		DB0E63BF1F72345C009D3680 /* rough-asphalt2.jpg in Resources */ = {isa = PBXBuildFile; fileRef = DB0E639C1F72345C009D3680 /* rough-asphalt2.jpg */; };
		DB0E63C01F72345C009D3680 /* top.png in Resources */ = {isa = PBXBuildFile; fileRef = DB0E639D1F72345C009D3680 /* top.png */; };
		DB4C341C1F7831590002D709 /* __Metal_Corrogated_Shiny_.jpg in Resources */ = {isa = PBXBuildFile; fileRef = DB4C340C1F7831590002D709 /* __Metal_Corrogated_Shiny_.jpg */; };
		DB4C341D1F7831590002D709 /* __Metal_Corrogated_Shiny__3.jpg in Resources */ = {isa = PBXBuildFile; fileRef = DB4C340D1F7831590002D709 /* __Metal_Corrogated_Shiny__3.jpg */; };
		DB4C341E1F7831590002D709 /* __Metal_Rough_.jpg in Resources */ = {isa = PBXBuildFile; fileRef = DB4C340E1F7831590002D709 /* __Metal_Rough_.jpg */; };
		DB4C341F1F7831590002D709 /* __Metal_Rough__0.jpg in Resources */ = {isa = PBXBuildFile; fileRef = DB4C340F1F7831590002D709 /* __Metal_Rough__0.jpg */; };
		DB4C34201F7831590002D709 /* __Metal_Seamed_.jpg in Resources */ = {isa = PBXBuildFile; fileRef = DB4C34101F7831590002D709 /* __Metal_Seamed_.jpg */; };
		DB4C34211F7831590002D709 /* __Metal_Steel_Textured_White_.jpg in Resources */ = {isa = PBXBuildFile; fileRef = DB4C34111F7831590002D709 /* __Metal_Steel_Textured_White_.jpg */; };
		DB4C34221F7831590002D709 /* __Translucent_Glass_Gold_.jpg in Resources */ = {isa = PBXBuildFile; fileRef = DB4C34121F7831590002D709 /* __Translucent_Glass_Gold_.jpg */; };
		DB4C34231F7831590002D709 /* Chrome_Burst_Texture.jpg in Resources */ = {isa = PBXBuildFile; fileRef = DB4C34131F7831590002D709 /* Chrome_Burst_Texture.jpg */; };
		DB4C34241F7831590002D709 /* Chrome_Burst_Texture_2.jpg in Resources */ = {isa = PBXBuildFile; fileRef = DB4C34141F7831590002D709 /* Chrome_Burst_Texture_2.jpg */; };
		DB4C34251F7831590002D709 /* texture.png in Resources */ = {isa = PBXBuildFile; fileRef = DB4C34151F7831590002D709 /* texture.png */; };
		DB4C34261F7831590002D709 /* TRC_427_Display_Texture.jpg in Resources */ = {isa = PBXBuildFile; fileRef = DB4C34161F7831590002D709 /* TRC_427_Display_Texture.jpg */; };
		DB4C34271F7831590002D709 /* TRC_427_ID_Plate_Texture.jpg in Resources */ = {isa = PBXBuildFile; fileRef = DB4C34171F7831590002D709 /* TRC_427_ID_Plate_Texture.jpg */; };
		DB4C34281F7831590002D709 /* TRC_427_L_Panel_Texture.jpg in Resources */ = {isa = PBXBuildFile; fileRef = DB4C34181F7831590002D709 /* TRC_427_L_Panel_Texture.jpg */; };
		DB4C34291F7831590002D709 /* TRC_427_Meter_Texture.jpg in Resources */ = {isa = PBXBuildFile; fileRef = DB4C34191F7831590002D709 /* TRC_427_Meter_Texture.jpg */; };
		DB4C342A1F7831590002D709 /* TRC_427_R_Panel_Texture.jpg in Resources */ = {isa = PBXBuildFile; fileRef = DB4C341A1F7831590002D709 /* TRC_427_R_Panel_Texture.jpg */; };
		DB4C342B1F7831590002D709 /* radiomodel.dae in Resources */ = {isa = PBXBuildFile; fileRef = DB4C341B1F7831590002D709 /* radiomodel.dae */; };
		DB5903371F70A608006E5CAD /* ScoreObject.swift in Sources */ = {isa = PBXBuildFile; fileRef = DB5903361F70A608006E5CAD /* ScoreObject.swift */; };
		DB6941D41F6E17EF008AB575 /* AppDelegate.swift in Sources */ = {isa = PBXBuildFile; fileRef = DB6941D31F6E17EF008AB575 /* AppDelegate.swift */; };
		DB6941D61F6E17EF008AB575 /* StartViewController.swift in Sources */ = {isa = PBXBuildFile; fileRef = DB6941D51F6E17EF008AB575 /* StartViewController.swift */; };
		DB6941DB1F6E17EF008AB575 /* Assets.xcassets in Resources */ = {isa = PBXBuildFile; fileRef = DB6941DA1F6E17EF008AB575 /* Assets.xcassets */; };
		DB6941DE1F6E17EF008AB575 /* LaunchScreen.storyboard in Resources */ = {isa = PBXBuildFile; fileRef = DB6941DC1F6E17EF008AB575 /* LaunchScreen.storyboard */; };
		DB6941E91F6E17EF008AB575 /* ARMazeTests.swift in Sources */ = {isa = PBXBuildFile; fileRef = DB6941E81F6E17EF008AB575 /* ARMazeTests.swift */; };
		DB6941F41F6E17EF008AB575 /* ARMazeUITests.swift in Sources */ = {isa = PBXBuildFile; fileRef = DB6941F31F6E17EF008AB575 /* ARMazeUITests.swift */; };
		DB6942021F6E1872008AB575 /* NetworkController.swift in Sources */ = {isa = PBXBuildFile; fileRef = DB6942011F6E1872008AB575 /* NetworkController.swift */; };
		DB8A67D81F782F3700AAF7ED /* material_10.png in Resources */ = {isa = PBXBuildFile; fileRef = DB8A67D41F782F3700AAF7ED /* material_10.png */; };
		DB8A67D91F782F3700AAF7ED /* material_15.JPG in Resources */ = {isa = PBXBuildFile; fileRef = DB8A67D51F782F3700AAF7ED /* material_15.JPG */; };
		DB8A67DA1F782F3700AAF7ED /* material_23.png in Resources */ = {isa = PBXBuildFile; fileRef = DB8A67D61F782F3700AAF7ED /* material_23.png */; };
		DB8A67DB1F782F3700AAF7ED /* cratemodel.dae in Resources */ = {isa = PBXBuildFile; fileRef = DB8A67D71F782F3700AAF7ED /* cratemodel.dae */; };
		DBD2078F1F6F2F1C00EBE1FC /* Images.xcassets in Resources */ = {isa = PBXBuildFile; fileRef = DBD2078E1F6F2F1C00EBE1FC /* Images.xcassets */; };
		DBD207911F6F343300EBE1FC /* NameViewController.swift in Sources */ = {isa = PBXBuildFile; fileRef = DBD207901F6F343300EBE1FC /* NameViewController.swift */; };
		DBD207931F6F346200EBE1FC /* LevelViewController.swift in Sources */ = {isa = PBXBuildFile; fileRef = DBD207921F6F346200EBE1FC /* LevelViewController.swift */; };
		DBD207951F6F34DF00EBE1FC /* UIColor+Theme.swift in Sources */ = {isa = PBXBuildFile; fileRef = DBD207941F6F34DF00EBE1FC /* UIColor+Theme.swift */; };
		DBD207971F6F3F6C00EBE1FC /* MenuViewController.swift in Sources */ = {isa = PBXBuildFile; fileRef = DBD207961F6F3F6C00EBE1FC /* MenuViewController.swift */; };
		DBD2079D1F6FA80500EBE1FC /* ImageMapViewController.swift in Sources */ = {isa = PBXBuildFile; fileRef = DBD2079C1F6FA80500EBE1FC /* ImageMapViewController.swift */; };
		DBE9308C1F6EE2E40005A272 /* InventoryViewController.swift in Sources */ = {isa = PBXBuildFile; fileRef = DBE9308B1F6EE2E40005A272 /* InventoryViewController.swift */; };
		DBE9308E1F6EE3120005A272 /* LeaderBoard.swift in Sources */ = {isa = PBXBuildFile; fileRef = DBE9308D1F6EE3120005A272 /* LeaderBoard.swift */; };
		DBE930901F6EE5350005A272 /* ShipObject.swift in Sources */ = {isa = PBXBuildFile; fileRef = DBE9308F1F6EE5350005A272 /* ShipObject.swift */; };
		DBE930921F6EE5930005A272 /* MapViewController.swift in Sources */ = {isa = PBXBuildFile; fileRef = DBE930911F6EE5930005A272 /* MapViewController.swift */; };
		DBE930941F6EE84F0005A272 /* ARView.swift in Sources */ = {isa = PBXBuildFile; fileRef = DBE930931F6EE84F0005A272 /* ARView.swift */; };
		DBE930991F6F15F30005A272 /* ComDish.dae in Resources */ = {isa = PBXBuildFile; fileRef = DBE930961F6F15F30005A272 /* ComDish.dae */; };
		DBE9309A1F6F15F30005A272 /* Dish.jpg in Resources */ = {isa = PBXBuildFile; fileRef = DBE930971F6F15F30005A272 /* Dish.jpg */; };
		DBE9309B1F6F15F30005A272 /* DishDEAD.jpg in Resources */ = {isa = PBXBuildFile; fileRef = DBE930981F6F15F30005A272 /* DishDEAD.jpg */; };
		DBE9309D1F6F1C280005A272 /* Maze.swift in Sources */ = {isa = PBXBuildFile; fileRef = DBE9309C1F6F1C280005A272 /* Maze.swift */; };
		DBE9309F1F6F20E00005A272 /* CGmap.jpg in Resources */ = {isa = PBXBuildFile; fileRef = DBE9309E1F6F20E00005A272 /* CGmap.jpg */; };
		DBE930A11F6F275F0005A272 /* MapViewExtensions.swift in Sources */ = {isa = PBXBuildFile; fileRef = DBE930A01F6F275E0005A272 /* MapViewExtensions.swift */; };
		F1ADDD22EE2E690F127D7589 /* Pods_ARMaze.framework in Frameworks */ = {isa = PBXBuildFile; fileRef = 888FAC6A126BC7558DAE2423 /* Pods_ARMaze.framework */; };
/* End PBXBuildFile section */

/* Begin PBXContainerItemProxy section */
		DB6941E51F6E17EF008AB575 /* PBXContainerItemProxy */ = {
			isa = PBXContainerItemProxy;
			containerPortal = DB6941C81F6E17EF008AB575 /* Project object */;
			proxyType = 1;
			remoteGlobalIDString = DB6941CF1F6E17EF008AB575;
			remoteInfo = ARMaze;
		};
		DB6941F01F6E17EF008AB575 /* PBXContainerItemProxy */ = {
			isa = PBXContainerItemProxy;
			containerPortal = DB6941C81F6E17EF008AB575 /* Project object */;
			proxyType = 1;
			remoteGlobalIDString = DB6941CF1F6E17EF008AB575;
			remoteInfo = ARMaze;
		};
/* End PBXContainerItemProxy section */

/* Begin PBXFileReference section */
		2BD17069D67A74DE411437AE /* Pods-ARMaze.debug.xcconfig */ = {isa = PBXFileReference; includeInIndex = 1; lastKnownFileType = text.xcconfig; name = "Pods-ARMaze.debug.xcconfig"; path = "Pods/Target Support Files/Pods-ARMaze/Pods-ARMaze.debug.xcconfig"; sourceTree = "<group>"; };
		888FAC6A126BC7558DAE2423 /* Pods_ARMaze.framework */ = {isa = PBXFileReference; explicitFileType = wrapper.framework; includeInIndex = 0; path = Pods_ARMaze.framework; sourceTree = BUILT_PRODUCTS_DIR; };
		DB09ADC51F7844B900D4D266 /* __0046_Gold_.jpg */ = {isa = PBXFileReference; lastKnownFileType = image.jpeg; path = __0046_Gold_.jpg; sourceTree = "<group>"; };
		DB09ADC61F7844B900D4D266 /* __Metal_Aluminum_Anodized_1.jpg */ = {isa = PBXFileReference; lastKnownFileType = image.jpeg; path = __Metal_Aluminum_Anodized_1.jpg; sourceTree = "<group>"; };
		DB09ADC71F7844B900D4D266 /* __Metal_Corrogated_Shiny_2.jpg */ = {isa = PBXFileReference; lastKnownFileType = image.jpeg; path = __Metal_Corrogated_Shiny_2.jpg; sourceTree = "<group>"; };
		DB09ADC81F7844B900D4D266 /* __Metal_Corrogated_Shiny_5.jpg */ = {isa = PBXFileReference; lastKnownFileType = image.jpeg; path = __Metal_Corrogated_Shiny_5.jpg; sourceTree = "<group>"; };
		DB09ADC91F7844B900D4D266 /* __Metal_Corrogated_Shiny_5_1.jpg */ = {isa = PBXFileReference; lastKnownFileType = image.jpeg; path = __Metal_Corrogated_Shiny_5_1.jpg; sourceTree = "<group>"; };
		DB09ADCA1F7844B900D4D266 /* __Metal_Corrogated_Shiny_6.jpg */ = {isa = PBXFileReference; lastKnownFileType = image.jpeg; path = __Metal_Corrogated_Shiny_6.jpg; sourceTree = "<group>"; };
		DB09ADCB1F7844B900D4D266 /* __Metal_Corrogated_Shiny_7.jpg */ = {isa = PBXFileReference; lastKnownFileType = image.jpeg; path = __Metal_Corrogated_Shiny_7.jpg; sourceTree = "<group>"; };
		DB09ADCC1F7844B900D4D266 /* __Metal_Rough_1.jpg */ = {isa = PBXFileReference; lastKnownFileType = image.jpeg; path = __Metal_Rough_1.jpg; sourceTree = "<group>"; };
		DB09ADCD1F7844B900D4D266 /* MOBO.png */ = {isa = PBXFileReference; lastKnownFileType = image.png; path = MOBO.png; sourceTree = "<group>"; };
		DB09ADCE1F7844B900D4D266 /* ROG_extreme_2.jpg */ = {isa = PBXFileReference; lastKnownFileType = image.jpeg; path = ROG_extreme_2.jpg; sourceTree = "<group>"; };
		DB09ADCF1F7844B900D4D266 /* Sem_t_tulo-1.png */ = {isa = PBXFileReference; lastKnownFileType = image.png; path = "Sem_t_tulo-1.png"; sourceTree = "<group>"; };
		DB09ADD01F7844B900D4D266 /* controllermodel.dae */ = {isa = PBXFileReference; fileEncoding = 4; lastKnownFileType = text.xml.dae; path = controllermodel.dae; sourceTree = "<group>"; };
		DB0E62FB1F721067009D3680 /* GoogleService-Info.plist */ = {isa = PBXFileReference; fileEncoding = 4; lastKnownFileType = text.plist.xml; path = "GoogleService-Info.plist"; sourceTree = "<group>"; };
		DB0E63011F722A79009D3680 /* radar.png */ = {isa = PBXFileReference; lastKnownFileType = image.png; path = radar.png; sourceTree = "<group>"; };
		DB0E63781F7231E7009D3680 /* screw.dae */ = {isa = PBXFileReference; fileEncoding = 4; lastKnownFileType = text.xml.dae; path = screw.dae; sourceTree = "<group>"; };
		DB0E637B1F72345C009D3680 /* back.png */ = {isa = PBXFileReference; lastKnownFileType = image.png; path = back.png; sourceTree = "<group>"; };
		DB0E637C1F72345C009D3680 /* bottom.png */ = {isa = PBXFileReference; lastKnownFileType = image.png; path = bottom.png; sourceTree = "<group>"; };
		DB0E637D1F72345C009D3680 /* ceilingarraystudio-latlong-1krenderer.exr */ = {isa = PBXFileReference; lastKnownFileType = file; path = "ceilingarraystudio-latlong-1krenderer.exr"; sourceTree = "<group>"; };
		DB0E637E1F72345C009D3680 /* ceilingarraystudio-thumb.jpg */ = {isa = PBXFileReference; lastKnownFileType = image.jpeg; path = "ceilingarraystudio-thumb.jpg"; sourceTree = "<group>"; };
		DB0E637F1F72345C009D3680 /* ceilingarraystudioird-c00renderer.exr */ = {isa = PBXFileReference; lastKnownFileType = file; path = "ceilingarraystudioird-c00renderer.exr"; sourceTree = "<group>"; };
		DB0E63801F72345C009D3680 /* ceilingarraystudioird-c01renderer.exr */ = {isa = PBXFileReference; lastKnownFileType = file; path = "ceilingarraystudioird-c01renderer.exr"; sourceTree = "<group>"; };
		DB0E63811F72345C009D3680 /* ceilingarraystudioird-c02renderer.exr */ = {isa = PBXFileReference; lastKnownFileType = file; path = "ceilingarraystudioird-c02renderer.exr"; sourceTree = "<group>"; };
		DB0E63821F72345C009D3680 /* ceilingarraystudioird-c03renderer.exr */ = {isa = PBXFileReference; lastKnownFileType = file; path = "ceilingarraystudioird-c03renderer.exr"; sourceTree = "<group>"; };
		DB0E63831F72345C009D3680 /* ceilingarraystudioird-c04renderer.exr */ = {isa = PBXFileReference; lastKnownFileType = file; path = "ceilingarraystudioird-c04renderer.exr"; sourceTree = "<group>"; };
		DB0E63841F72345C009D3680 /* ceilingarraystudioird-c05renderer.exr */ = {isa = PBXFileReference; lastKnownFileType = file; path = "ceilingarraystudioird-c05renderer.exr"; sourceTree = "<group>"; };
		DB0E63851F72345C009D3680 /* ceilingarraystudiospe-c00renderer.exr */ = {isa = PBXFileReference; lastKnownFileType = file; path = "ceilingarraystudiospe-c00renderer.exr"; sourceTree = "<group>"; };
		DB0E63861F72345C009D3680 /* ceilingarraystudiospe-c01renderer.exr */ = {isa = PBXFileReference; lastKnownFileType = file; path = "ceilingarraystudiospe-c01renderer.exr"; sourceTree = "<group>"; };
		DB0E63871F72345C009D3680 /* ceilingarraystudiospe-c02renderer.exr */ = {isa = PBXFileReference; lastKnownFileType = file; path = "ceilingarraystudiospe-c02renderer.exr"; sourceTree = "<group>"; };
		DB0E63881F72345C009D3680 /* ceilingarraystudiospe-c03renderer.exr */ = {isa = PBXFileReference; lastKnownFileType = file; path = "ceilingarraystudiospe-c03renderer.exr"; sourceTree = "<group>"; };
		DB0E63891F72345C009D3680 /* ceilingarraystudiospe-c04renderer.exr */ = {isa = PBXFileReference; lastKnownFileType = file; path = "ceilingarraystudiospe-c04renderer.exr"; sourceTree = "<group>"; };
		DB0E638A1F72345C009D3680 /* ceilingarraystudiospe-c05renderer.exr */ = {isa = PBXFileReference; lastKnownFileType = file; path = "ceilingarraystudiospe-c05renderer.exr"; sourceTree = "<group>"; };
		DB0E638B1F72345C009D3680 /* front.png */ = {isa = PBXFileReference; lastKnownFileType = image.png; path = front.png; sourceTree = "<group>"; };
		DB0E638C1F72345C009D3680 /* left.png */ = {isa = PBXFileReference; lastKnownFileType = image.png; path = left.png; sourceTree = "<group>"; };
		DB0E638D1F72345C009D3680 /* negx.jpg */ = {isa = PBXFileReference; lastKnownFileType = image.jpeg; path = negx.jpg; sourceTree = "<group>"; };
		DB0E638E1F72345C009D3680 /* negx.png */ = {isa = PBXFileReference; lastKnownFileType = image.png; path = negx.png; sourceTree = "<group>"; };
		DB0E638F1F72345C009D3680 /* negy.jpg */ = {isa = PBXFileReference; lastKnownFileType = image.jpeg; path = negy.jpg; sourceTree = "<group>"; };
		DB0E63901F72345C009D3680 /* negy.png */ = {isa = PBXFileReference; lastKnownFileType = image.png; path = negy.png; sourceTree = "<group>"; };
		DB0E63911F72345C009D3680 /* negz.jpg */ = {isa = PBXFileReference; lastKnownFileType = image.jpeg; path = negz.jpg; sourceTree = "<group>"; };
		DB0E63921F72345C009D3680 /* negz.png */ = {isa = PBXFileReference; lastKnownFileType = image.png; path = negz.png; sourceTree = "<group>"; };
		DB0E63931F72345C009D3680 /* nissan-front-wheel.dae */ = {isa = PBXFileReference; fileEncoding = 4; lastKnownFileType = text.xml.dae; path = "nissan-front-wheel.dae"; sourceTree = "<group>"; };
		DB0E63941F72345C009D3680 /* noisebump.jpg */ = {isa = PBXFileReference; lastKnownFileType = image.jpeg; path = noisebump.jpg; sourceTree = "<group>"; };
		DB0E63951F72345C009D3680 /* posx.jpg */ = {isa = PBXFileReference; lastKnownFileType = image.jpeg; path = posx.jpg; sourceTree = "<group>"; };
		DB0E63961F72345C009D3680 /* posx.png */ = {isa = PBXFileReference; lastKnownFileType = image.png; path = posx.png; sourceTree = "<group>"; };
		DB0E63971F72345C009D3680 /* posy.jpg */ = {isa = PBXFileReference; lastKnownFileType = image.jpeg; path = posy.jpg; sourceTree = "<group>"; };
		DB0E63981F72345C009D3680 /* posy.png */ = {isa = PBXFileReference; lastKnownFileType = image.png; path = posy.png; sourceTree = "<group>"; };
		DB0E63991F72345C009D3680 /* posz.jpg */ = {isa = PBXFileReference; lastKnownFileType = image.jpeg; path = posz.jpg; sourceTree = "<group>"; };
		DB0E639A1F72345C009D3680 /* posz.png */ = {isa = PBXFileReference; lastKnownFileType = image.png; path = posz.png; sourceTree = "<group>"; };
		DB0E639B1F72345C009D3680 /* right.png */ = {isa = PBXFileReference; lastKnownFileType = image.png; path = right.png; sourceTree = "<group>"; };
		DB0E639C1F72345C009D3680 /* rough-asphalt2.jpg */ = {isa = PBXFileReference; lastKnownFileType = image.jpeg; path = "rough-asphalt2.jpg"; sourceTree = "<group>"; };
		DB0E639D1F72345C009D3680 /* top.png */ = {isa = PBXFileReference; lastKnownFileType = image.png; path = top.png; sourceTree = "<group>"; };
		DB4C340C1F7831590002D709 /* __Metal_Corrogated_Shiny_.jpg */ = {isa = PBXFileReference; lastKnownFileType = image.jpeg; path = __Metal_Corrogated_Shiny_.jpg; sourceTree = "<group>"; };
		DB4C340D1F7831590002D709 /* __Metal_Corrogated_Shiny__3.jpg */ = {isa = PBXFileReference; lastKnownFileType = image.jpeg; path = __Metal_Corrogated_Shiny__3.jpg; sourceTree = "<group>"; };
		DB4C340E1F7831590002D709 /* __Metal_Rough_.jpg */ = {isa = PBXFileReference; lastKnownFileType = image.jpeg; path = __Metal_Rough_.jpg; sourceTree = "<group>"; };
		DB4C340F1F7831590002D709 /* __Metal_Rough__0.jpg */ = {isa = PBXFileReference; lastKnownFileType = image.jpeg; path = __Metal_Rough__0.jpg; sourceTree = "<group>"; };
		DB4C34101F7831590002D709 /* __Metal_Seamed_.jpg */ = {isa = PBXFileReference; lastKnownFileType = image.jpeg; path = __Metal_Seamed_.jpg; sourceTree = "<group>"; };
		DB4C34111F7831590002D709 /* __Metal_Steel_Textured_White_.jpg */ = {isa = PBXFileReference; lastKnownFileType = image.jpeg; path = __Metal_Steel_Textured_White_.jpg; sourceTree = "<group>"; };
		DB4C34121F7831590002D709 /* __Translucent_Glass_Gold_.jpg */ = {isa = PBXFileReference; lastKnownFileType = image.jpeg; path = __Translucent_Glass_Gold_.jpg; sourceTree = "<group>"; };
		DB4C34131F7831590002D709 /* Chrome_Burst_Texture.jpg */ = {isa = PBXFileReference; lastKnownFileType = image.jpeg; path = Chrome_Burst_Texture.jpg; sourceTree = "<group>"; };
		DB4C34141F7831590002D709 /* Chrome_Burst_Texture_2.jpg */ = {isa = PBXFileReference; lastKnownFileType = image.jpeg; path = Chrome_Burst_Texture_2.jpg; sourceTree = "<group>"; };
		DB4C34151F7831590002D709 /* texture.png */ = {isa = PBXFileReference; lastKnownFileType = image.png; path = texture.png; sourceTree = "<group>"; };
		DB4C34161F7831590002D709 /* TRC_427_Display_Texture.jpg */ = {isa = PBXFileReference; lastKnownFileType = image.jpeg; path = TRC_427_Display_Texture.jpg; sourceTree = "<group>"; };
		DB4C34171F7831590002D709 /* TRC_427_ID_Plate_Texture.jpg */ = {isa = PBXFileReference; lastKnownFileType = image.jpeg; path = TRC_427_ID_Plate_Texture.jpg; sourceTree = "<group>"; };
		DB4C34181F7831590002D709 /* TRC_427_L_Panel_Texture.jpg */ = {isa = PBXFileReference; lastKnownFileType = image.jpeg; path = TRC_427_L_Panel_Texture.jpg; sourceTree = "<group>"; };
		DB4C34191F7831590002D709 /* TRC_427_Meter_Texture.jpg */ = {isa = PBXFileReference; lastKnownFileType = image.jpeg; path = TRC_427_Meter_Texture.jpg; sourceTree = "<group>"; };
		DB4C341A1F7831590002D709 /* TRC_427_R_Panel_Texture.jpg */ = {isa = PBXFileReference; lastKnownFileType = image.jpeg; path = TRC_427_R_Panel_Texture.jpg; sourceTree = "<group>"; };
		DB4C341B1F7831590002D709 /* radiomodel.dae */ = {isa = PBXFileReference; fileEncoding = 4; lastKnownFileType = text.xml.dae; path = radiomodel.dae; sourceTree = "<group>"; };
		DB5903361F70A608006E5CAD /* ScoreObject.swift */ = {isa = PBXFileReference; fileEncoding = 4; lastKnownFileType = sourcecode.swift; path = ScoreObject.swift; sourceTree = "<group>"; };
		DB6941D01F6E17EF008AB575 /* ARMaze.app */ = {isa = PBXFileReference; explicitFileType = wrapper.application; includeInIndex = 0; path = ARMaze.app; sourceTree = BUILT_PRODUCTS_DIR; };
		DB6941D31F6E17EF008AB575 /* AppDelegate.swift */ = {isa = PBXFileReference; lastKnownFileType = sourcecode.swift; path = AppDelegate.swift; sourceTree = "<group>"; };
		DB6941D51F6E17EF008AB575 /* StartViewController.swift */ = {isa = PBXFileReference; lastKnownFileType = sourcecode.swift; path = StartViewController.swift; sourceTree = "<group>"; };
		DB6941DA1F6E17EF008AB575 /* Assets.xcassets */ = {isa = PBXFileReference; lastKnownFileType = folder.assetcatalog; path = Assets.xcassets; sourceTree = "<group>"; };
		DB6941DD1F6E17EF008AB575 /* Base */ = {isa = PBXFileReference; lastKnownFileType = file.storyboard; name = Base; path = Base.lproj/LaunchScreen.storyboard; sourceTree = "<group>"; };
		DB6941DF1F6E17EF008AB575 /* Info.plist */ = {isa = PBXFileReference; lastKnownFileType = text.plist.xml; path = Info.plist; sourceTree = "<group>"; };
		DB6941E41F6E17EF008AB575 /* ARMazeTests.xctest */ = {isa = PBXFileReference; explicitFileType = wrapper.cfbundle; includeInIndex = 0; path = ARMazeTests.xctest; sourceTree = BUILT_PRODUCTS_DIR; };
		DB6941E81F6E17EF008AB575 /* ARMazeTests.swift */ = {isa = PBXFileReference; lastKnownFileType = sourcecode.swift; path = ARMazeTests.swift; sourceTree = "<group>"; };
		DB6941EA1F6E17EF008AB575 /* Info.plist */ = {isa = PBXFileReference; lastKnownFileType = text.plist.xml; path = Info.plist; sourceTree = "<group>"; };
		DB6941EF1F6E17EF008AB575 /* ARMazeUITests.xctest */ = {isa = PBXFileReference; explicitFileType = wrapper.cfbundle; includeInIndex = 0; path = ARMazeUITests.xctest; sourceTree = BUILT_PRODUCTS_DIR; };
		DB6941F31F6E17EF008AB575 /* ARMazeUITests.swift */ = {isa = PBXFileReference; lastKnownFileType = sourcecode.swift; path = ARMazeUITests.swift; sourceTree = "<group>"; };
		DB6941F51F6E17EF008AB575 /* Info.plist */ = {isa = PBXFileReference; lastKnownFileType = text.plist.xml; path = Info.plist; sourceTree = "<group>"; };
		DB6942011F6E1872008AB575 /* NetworkController.swift */ = {isa = PBXFileReference; fileEncoding = 4; lastKnownFileType = sourcecode.swift; path = NetworkController.swift; sourceTree = "<group>"; };
		DB8A67D41F782F3700AAF7ED /* material_10.png */ = {isa = PBXFileReference; lastKnownFileType = image.png; path = material_10.png; sourceTree = "<group>"; };
		DB8A67D51F782F3700AAF7ED /* material_15.JPG */ = {isa = PBXFileReference; lastKnownFileType = image.jpeg; path = material_15.JPG; sourceTree = "<group>"; };
		DB8A67D61F782F3700AAF7ED /* material_23.png */ = {isa = PBXFileReference; lastKnownFileType = image.png; path = material_23.png; sourceTree = "<group>"; };
		DB8A67D71F782F3700AAF7ED /* cratemodel.dae */ = {isa = PBXFileReference; fileEncoding = 4; lastKnownFileType = text.xml.dae; path = cratemodel.dae; sourceTree = "<group>"; };
		DBD2078E1F6F2F1C00EBE1FC /* Images.xcassets */ = {isa = PBXFileReference; lastKnownFileType = folder.assetcatalog; path = Images.xcassets; sourceTree = "<group>"; };
		DBD207901F6F343300EBE1FC /* NameViewController.swift */ = {isa = PBXFileReference; fileEncoding = 4; lastKnownFileType = sourcecode.swift; path = NameViewController.swift; sourceTree = "<group>"; };
		DBD207921F6F346200EBE1FC /* LevelViewController.swift */ = {isa = PBXFileReference; fileEncoding = 4; lastKnownFileType = sourcecode.swift; path = LevelViewController.swift; sourceTree = "<group>"; };
		DBD207941F6F34DF00EBE1FC /* UIColor+Theme.swift */ = {isa = PBXFileReference; fileEncoding = 4; lastKnownFileType = sourcecode.swift; path = "UIColor+Theme.swift"; sourceTree = "<group>"; };
		DBD207961F6F3F6C00EBE1FC /* MenuViewController.swift */ = {isa = PBXFileReference; fileEncoding = 4; lastKnownFileType = sourcecode.swift; path = MenuViewController.swift; sourceTree = "<group>"; };
		DBD2079C1F6FA80500EBE1FC /* ImageMapViewController.swift */ = {isa = PBXFileReference; fileEncoding = 4; lastKnownFileType = sourcecode.swift; path = ImageMapViewController.swift; sourceTree = "<group>"; };
		DBE9308B1F6EE2E40005A272 /* InventoryViewController.swift */ = {isa = PBXFileReference; fileEncoding = 4; lastKnownFileType = sourcecode.swift; path = InventoryViewController.swift; sourceTree = "<group>"; };
		DBE9308D1F6EE3120005A272 /* LeaderBoard.swift */ = {isa = PBXFileReference; fileEncoding = 4; lastKnownFileType = sourcecode.swift; path = LeaderBoard.swift; sourceTree = "<group>"; };
		DBE9308F1F6EE5350005A272 /* ShipObject.swift */ = {isa = PBXFileReference; fileEncoding = 4; lastKnownFileType = sourcecode.swift; path = ShipObject.swift; sourceTree = "<group>"; };
		DBE930911F6EE5930005A272 /* MapViewController.swift */ = {isa = PBXFileReference; fileEncoding = 4; lastKnownFileType = sourcecode.swift; path = MapViewController.swift; sourceTree = "<group>"; };
		DBE930931F6EE84F0005A272 /* ARView.swift */ = {isa = PBXFileReference; fileEncoding = 4; lastKnownFileType = sourcecode.swift; path = ARView.swift; sourceTree = "<group>"; };
		DBE930961F6F15F30005A272 /* ComDish.dae */ = {isa = PBXFileReference; fileEncoding = 4; lastKnownFileType = text.xml.dae; path = ComDish.dae; sourceTree = "<group>"; };
		DBE930971F6F15F30005A272 /* Dish.jpg */ = {isa = PBXFileReference; lastKnownFileType = image.jpeg; path = Dish.jpg; sourceTree = "<group>"; };
		DBE930981F6F15F30005A272 /* DishDEAD.jpg */ = {isa = PBXFileReference; lastKnownFileType = image.jpeg; path = DishDEAD.jpg; sourceTree = "<group>"; };
		DBE9309C1F6F1C280005A272 /* Maze.swift */ = {isa = PBXFileReference; fileEncoding = 4; lastKnownFileType = sourcecode.swift; path = Maze.swift; sourceTree = "<group>"; };
		DBE9309E1F6F20E00005A272 /* CGmap.jpg */ = {isa = PBXFileReference; lastKnownFileType = image.jpeg; path = CGmap.jpg; sourceTree = "<group>"; };
		DBE930A01F6F275E0005A272 /* MapViewExtensions.swift */ = {isa = PBXFileReference; fileEncoding = 4; lastKnownFileType = sourcecode.swift; path = MapViewExtensions.swift; sourceTree = "<group>"; };
		DE80D6B2C15C94292EA8F1F8 /* Pods-ARMaze.release.xcconfig */ = {isa = PBXFileReference; includeInIndex = 1; lastKnownFileType = text.xcconfig; name = "Pods-ARMaze.release.xcconfig"; path = "Pods/Target Support Files/Pods-ARMaze/Pods-ARMaze.release.xcconfig"; sourceTree = "<group>"; };
/* End PBXFileReference section */

/* Begin PBXFrameworksBuildPhase section */
		DB6941CD1F6E17EF008AB575 /* Frameworks */ = {
			isa = PBXFrameworksBuildPhase;
			buildActionMask = 2147483647;
			files = (
				F1ADDD22EE2E690F127D7589 /* Pods_ARMaze.framework in Frameworks */,
			);
			runOnlyForDeploymentPostprocessing = 0;
		};
		DB6941E11F6E17EF008AB575 /* Frameworks */ = {
			isa = PBXFrameworksBuildPhase;
			buildActionMask = 2147483647;
			files = (
			);
			runOnlyForDeploymentPostprocessing = 0;
		};
		DB6941EC1F6E17EF008AB575 /* Frameworks */ = {
			isa = PBXFrameworksBuildPhase;
			buildActionMask = 2147483647;
			files = (
			);
			runOnlyForDeploymentPostprocessing = 0;
		};
/* End PBXFrameworksBuildPhase section */

/* Begin PBXGroup section */
		17B28C16AD405F74B54627C6 /* Frameworks */ = {
			isa = PBXGroup;
			children = (
				888FAC6A126BC7558DAE2423 /* Pods_ARMaze.framework */,
			);
			name = Frameworks;
			sourceTree = "<group>";
		};
		BE257C1C88B6C15BE22EAFC3 /* Pods */ = {
			isa = PBXGroup;
			children = (
				2BD17069D67A74DE411437AE /* Pods-ARMaze.debug.xcconfig */,
				DE80D6B2C15C94292EA8F1F8 /* Pods-ARMaze.release.xcconfig */,
			);
			name = Pods;
			sourceTree = "<group>";
		};
		DB09ADC31F7844B900D4D266 /* MAXIMUS+VIII+EXTREME */ = {
			isa = PBXGroup;
			children = (
				DB09ADC41F7844B900D4D266 /* model */,
				DB09ADD01F7844B900D4D266 /* controllermodel.dae */,
			);
			path = "MAXIMUS+VIII+EXTREME";
			sourceTree = "<group>";
		};
		DB09ADC41F7844B900D4D266 /* model */ = {
			isa = PBXGroup;
			children = (
				DB09ADC51F7844B900D4D266 /* __0046_Gold_.jpg */,
				DB09ADC61F7844B900D4D266 /* __Metal_Aluminum_Anodized_1.jpg */,
				DB09ADC71F7844B900D4D266 /* __Metal_Corrogated_Shiny_2.jpg */,
				DB09ADC81F7844B900D4D266 /* __Metal_Corrogated_Shiny_5.jpg */,
				DB09ADC91F7844B900D4D266 /* __Metal_Corrogated_Shiny_5_1.jpg */,
				DB09ADCA1F7844B900D4D266 /* __Metal_Corrogated_Shiny_6.jpg */,
				DB09ADCB1F7844B900D4D266 /* __Metal_Corrogated_Shiny_7.jpg */,
				DB09ADCC1F7844B900D4D266 /* __Metal_Rough_1.jpg */,
				DB09ADCD1F7844B900D4D266 /* MOBO.png */,
				DB09ADCE1F7844B900D4D266 /* ROG_extreme_2.jpg */,
				DB09ADCF1F7844B900D4D266 /* Sem_t_tulo-1.png */,
			);
			path = model;
			sourceTree = "<group>";
		};
		DB0E637A1F72345C009D3680 /* nissan-front-wheel-dae */ = {
			isa = PBXGroup;
			children = (
				DB0E637B1F72345C009D3680 /* back.png */,
				DB0E637C1F72345C009D3680 /* bottom.png */,
				DB0E637D1F72345C009D3680 /* ceilingarraystudio-latlong-1krenderer.exr */,
				DB0E637E1F72345C009D3680 /* ceilingarraystudio-thumb.jpg */,
				DB0E637F1F72345C009D3680 /* ceilingarraystudioird-c00renderer.exr */,
				DB0E63801F72345C009D3680 /* ceilingarraystudioird-c01renderer.exr */,
				DB0E63811F72345C009D3680 /* ceilingarraystudioird-c02renderer.exr */,
				DB0E63821F72345C009D3680 /* ceilingarraystudioird-c03renderer.exr */,
				DB0E63831F72345C009D3680 /* ceilingarraystudioird-c04renderer.exr */,
				DB0E63841F72345C009D3680 /* ceilingarraystudioird-c05renderer.exr */,
				DB0E63851F72345C009D3680 /* ceilingarraystudiospe-c00renderer.exr */,
				DB0E63861F72345C009D3680 /* ceilingarraystudiospe-c01renderer.exr */,
				DB0E63871F72345C009D3680 /* ceilingarraystudiospe-c02renderer.exr */,
				DB0E63881F72345C009D3680 /* ceilingarraystudiospe-c03renderer.exr */,
				DB0E63891F72345C009D3680 /* ceilingarraystudiospe-c04renderer.exr */,
				DB0E638A1F72345C009D3680 /* ceilingarraystudiospe-c05renderer.exr */,
				DB0E638B1F72345C009D3680 /* front.png */,
				DB0E638C1F72345C009D3680 /* left.png */,
				DB0E638D1F72345C009D3680 /* negx.jpg */,
				DB0E638E1F72345C009D3680 /* negx.png */,
				DB0E638F1F72345C009D3680 /* negy.jpg */,
				DB0E63901F72345C009D3680 /* negy.png */,
				DB0E63911F72345C009D3680 /* negz.jpg */,
				DB0E63921F72345C009D3680 /* negz.png */,
				DB0E63931F72345C009D3680 /* nissan-front-wheel.dae */,
				DB0E63941F72345C009D3680 /* noisebump.jpg */,
				DB0E63951F72345C009D3680 /* posx.jpg */,
				DB0E63961F72345C009D3680 /* posx.png */,
				DB0E63971F72345C009D3680 /* posy.jpg */,
				DB0E63981F72345C009D3680 /* posy.png */,
				DB0E63991F72345C009D3680 /* posz.jpg */,
				DB0E639A1F72345C009D3680 /* posz.png */,
				DB0E639B1F72345C009D3680 /* right.png */,
				DB0E639C1F72345C009D3680 /* rough-asphalt2.jpg */,
				DB0E639D1F72345C009D3680 /* top.png */,
			);
			path = "nissan-front-wheel-dae";
			sourceTree = "<group>";
		};
		DB4C340A1F7831590002D709 /* TRC-427+CB+Radio */ = {
			isa = PBXGroup;
			children = (
				DB4C340B1F7831590002D709 /* model */,
				DB4C341B1F7831590002D709 /* radiomodel.dae */,
			);
			path = "TRC-427+CB+Radio";
			sourceTree = "<group>";
		};
		DB4C340B1F7831590002D709 /* model */ = {
			isa = PBXGroup;
			children = (
				DB4C340C1F7831590002D709 /* __Metal_Corrogated_Shiny_.jpg */,
				DB4C340D1F7831590002D709 /* __Metal_Corrogated_Shiny__3.jpg */,
				DB4C340E1F7831590002D709 /* __Metal_Rough_.jpg */,
				DB4C340F1F7831590002D709 /* __Metal_Rough__0.jpg */,
				DB4C34101F7831590002D709 /* __Metal_Seamed_.jpg */,
				DB4C34111F7831590002D709 /* __Metal_Steel_Textured_White_.jpg */,
				DB4C34121F7831590002D709 /* __Translucent_Glass_Gold_.jpg */,
				DB4C34131F7831590002D709 /* Chrome_Burst_Texture.jpg */,
				DB4C34141F7831590002D709 /* Chrome_Burst_Texture_2.jpg */,
				DB4C34151F7831590002D709 /* texture.png */,
				DB4C34161F7831590002D709 /* TRC_427_Display_Texture.jpg */,
				DB4C34171F7831590002D709 /* TRC_427_ID_Plate_Texture.jpg */,
				DB4C34181F7831590002D709 /* TRC_427_L_Panel_Texture.jpg */,
				DB4C34191F7831590002D709 /* TRC_427_Meter_Texture.jpg */,
				DB4C341A1F7831590002D709 /* TRC_427_R_Panel_Texture.jpg */,
			);
			path = model;
			sourceTree = "<group>";
		};
		DB6941C71F6E17EF008AB575 = {
			isa = PBXGroup;
			children = (
				DB0E62FB1F721067009D3680 /* GoogleService-Info.plist */,
				DB6941D21F6E17EF008AB575 /* ARMaze */,
				DB6941E71F6E17EF008AB575 /* ARMazeTests */,
				DB6941F21F6E17EF008AB575 /* ARMazeUITests */,
				DB6941D11F6E17EF008AB575 /* Products */,
				BE257C1C88B6C15BE22EAFC3 /* Pods */,
				17B28C16AD405F74B54627C6 /* Frameworks */,
			);
			sourceTree = "<group>";
		};
		DB6941D11F6E17EF008AB575 /* Products */ = {
			isa = PBXGroup;
			children = (
				DB6941D01F6E17EF008AB575 /* ARMaze.app */,
				DB6941E41F6E17EF008AB575 /* ARMazeTests.xctest */,
				DB6941EF1F6E17EF008AB575 /* ARMazeUITests.xctest */,
			);
			name = Products;
			sourceTree = "<group>";
		};
		DB6941D21F6E17EF008AB575 /* ARMaze */ = {
			isa = PBXGroup;
			children = (
				DB6941D31F6E17EF008AB575 /* AppDelegate.swift */,
				DB6942011F6E1872008AB575 /* NetworkController.swift */,
				DBD2079B1F6F58B100EBE1FC /* Intro VC's */,
				DBD207991F6F589B00EBE1FC /* Map */,
				DBD2079A1F6F58A800EBE1FC /* Game VC's */,
				DBD207981F6F589300EBE1FC /* Objects */,
				DB6942031F6E1886008AB575 /* Resources */,
			);
			path = ARMaze;
			sourceTree = "<group>";
		};
		DB6941E71F6E17EF008AB575 /* ARMazeTests */ = {
			isa = PBXGroup;
			children = (
				DB6941E81F6E17EF008AB575 /* ARMazeTests.swift */,
				DB6941EA1F6E17EF008AB575 /* Info.plist */,
			);
			path = ARMazeTests;
			sourceTree = "<group>";
		};
		DB6941F21F6E17EF008AB575 /* ARMazeUITests */ = {
			isa = PBXGroup;
			children = (
				DB6941F31F6E17EF008AB575 /* ARMazeUITests.swift */,
				DB6941F51F6E17EF008AB575 /* Info.plist */,
			);
			path = ARMazeUITests;
			sourceTree = "<group>";
		};
		DB6942031F6E1886008AB575 /* Resources */ = {
			isa = PBXGroup;
			children = (
				DB09ADC31F7844B900D4D266 /* MAXIMUS+VIII+EXTREME */,
				DB4C340A1F7831590002D709 /* TRC-427+CB+Radio */,
				DB8A67D21F782F3700AAF7ED /* crate (1) */,
				DB0E63781F7231E7009D3680 /* screw.dae */,
				DB0E637A1F72345C009D3680 /* nissan-front-wheel-dae */,
				DBD2078E1F6F2F1C00EBE1FC /* Images.xcassets */,
				DBE9309E1F6F20E00005A272 /* CGmap.jpg */,
				DB0E63011F722A79009D3680 /* radar.png */,
				DBE9309C1F6F1C280005A272 /* Maze.swift */,
				DBE930951F6F15F30005A272 /* Dish_DAE */,
				DB6941DA1F6E17EF008AB575 /* Assets.xcassets */,
				DB6941DC1F6E17EF008AB575 /* LaunchScreen.storyboard */,
				DB6941DF1F6E17EF008AB575 /* Info.plist */,
			);
			name = Resources;
			sourceTree = "<group>";
		};
		DB8A67D21F782F3700AAF7ED /* crate (1) */ = {
			isa = PBXGroup;
			children = (
				DB8A67D31F782F3700AAF7ED /* model */,
				DB8A67D71F782F3700AAF7ED /* cratemodel.dae */,
			);
			path = "crate (1)";
			sourceTree = "<group>";
		};
		DB8A67D31F782F3700AAF7ED /* model */ = {
			isa = PBXGroup;
			children = (
				DB8A67D41F782F3700AAF7ED /* material_10.png */,
				DB8A67D51F782F3700AAF7ED /* material_15.JPG */,
				DB8A67D61F782F3700AAF7ED /* material_23.png */,
			);
			path = model;
			sourceTree = "<group>";
		};
		DBD207981F6F589300EBE1FC /* Objects */ = {
			isa = PBXGroup;
			children = (
				DB5903361F70A608006E5CAD /* ScoreObject.swift */,
				DBD207941F6F34DF00EBE1FC /* UIColor+Theme.swift */,
				DBE9308F1F6EE5350005A272 /* ShipObject.swift */,
			);
			name = Objects;
			sourceTree = "<group>";
		};
		DBD207991F6F589B00EBE1FC /* Map */ = {
			isa = PBXGroup;
			children = (
				DBE930911F6EE5930005A272 /* MapViewController.swift */,
				DBE930A01F6F275E0005A272 /* MapViewExtensions.swift */,
				DBE930931F6EE84F0005A272 /* ARView.swift */,
			);
			name = Map;
			sourceTree = "<group>";
		};
		DBD2079A1F6F58A800EBE1FC /* Game VC's */ = {
			isa = PBXGroup;
			children = (
				DBE9308B1F6EE2E40005A272 /* InventoryViewController.swift */,
				DBD207961F6F3F6C00EBE1FC /* MenuViewController.swift */,
				DBD2079C1F6FA80500EBE1FC /* ImageMapViewController.swift */,
				DBE9308D1F6EE3120005A272 /* LeaderBoard.swift */,
			);
			name = "Game VC's";
			sourceTree = "<group>";
		};
		DBD2079B1F6F58B100EBE1FC /* Intro VC's */ = {
			isa = PBXGroup;
			children = (
				DB6941D51F6E17EF008AB575 /* StartViewController.swift */,
				DBD207901F6F343300EBE1FC /* NameViewController.swift */,
				DBD207921F6F346200EBE1FC /* LevelViewController.swift */,
			);
			name = "Intro VC's";
			sourceTree = "<group>";
		};
		DBE930951F6F15F30005A272 /* Dish_DAE */ = {
			isa = PBXGroup;
			children = (
				DBE930961F6F15F30005A272 /* ComDish.dae */,
				DBE930971F6F15F30005A272 /* Dish.jpg */,
				DBE930981F6F15F30005A272 /* DishDEAD.jpg */,
			);
			path = Dish_DAE;
			sourceTree = "<group>";
		};
/* End PBXGroup section */

/* Begin PBXNativeTarget section */
		DB6941CF1F6E17EF008AB575 /* ARMaze */ = {
			isa = PBXNativeTarget;
			buildConfigurationList = DB6941F81F6E17EF008AB575 /* Build configuration list for PBXNativeTarget "ARMaze" */;
			buildPhases = (
				22ADFE33D49CAE40CB5412E7 /* [CP] Check Pods Manifest.lock */,
				DB6941CC1F6E17EF008AB575 /* Sources */,
				DB6941CD1F6E17EF008AB575 /* Frameworks */,
				DB6941CE1F6E17EF008AB575 /* Resources */,
				9876FFF2F23FF433B365BFD3 /* [CP] Embed Pods Frameworks */,
				87E42F3A3495B4EE3AE2A587 /* [CP] Copy Pods Resources */,
			);
			buildRules = (
			);
			dependencies = (
			);
			name = ARMaze;
			productName = ARMaze;
			productReference = DB6941D01F6E17EF008AB575 /* ARMaze.app */;
			productType = "com.apple.product-type.application";
		};
		DB6941E31F6E17EF008AB575 /* ARMazeTests */ = {
			isa = PBXNativeTarget;
			buildConfigurationList = DB6941FB1F6E17EF008AB575 /* Build configuration list for PBXNativeTarget "ARMazeTests" */;
			buildPhases = (
				DB6941E01F6E17EF008AB575 /* Sources */,
				DB6941E11F6E17EF008AB575 /* Frameworks */,
				DB6941E21F6E17EF008AB575 /* Resources */,
			);
			buildRules = (
			);
			dependencies = (
				DB6941E61F6E17EF008AB575 /* PBXTargetDependency */,
			);
			name = ARMazeTests;
			productName = ARMazeTests;
			productReference = DB6941E41F6E17EF008AB575 /* ARMazeTests.xctest */;
			productType = "com.apple.product-type.bundle.unit-test";
		};
		DB6941EE1F6E17EF008AB575 /* ARMazeUITests */ = {
			isa = PBXNativeTarget;
			buildConfigurationList = DB6941FE1F6E17EF008AB575 /* Build configuration list for PBXNativeTarget "ARMazeUITests" */;
			buildPhases = (
				DB6941EB1F6E17EF008AB575 /* Sources */,
				DB6941EC1F6E17EF008AB575 /* Frameworks */,
				DB6941ED1F6E17EF008AB575 /* Resources */,
			);
			buildRules = (
			);
			dependencies = (
				DB6941F11F6E17EF008AB575 /* PBXTargetDependency */,
			);
			name = ARMazeUITests;
			productName = ARMazeUITests;
			productReference = DB6941EF1F6E17EF008AB575 /* ARMazeUITests.xctest */;
			productType = "com.apple.product-type.bundle.ui-testing";
		};
/* End PBXNativeTarget section */

/* Begin PBXProject section */
		DB6941C81F6E17EF008AB575 /* Project object */ = {
			isa = PBXProject;
			attributes = {
				LastSwiftUpdateCheck = 0830;
				LastUpgradeCheck = 0830;
				ORGANIZATIONNAME = taraw;
				TargetAttributes = {
					DB6941CF1F6E17EF008AB575 = {
						CreatedOnToolsVersion = 8.3.3;
						DevelopmentTeam = T8F23BFN6Q;
						ProvisioningStyle = Automatic;
					};
					DB6941E31F6E17EF008AB575 = {
						CreatedOnToolsVersion = 8.3.3;
						DevelopmentTeam = T8F23BFN6Q;
						ProvisioningStyle = Automatic;
						TestTargetID = DB6941CF1F6E17EF008AB575;
					};
					DB6941EE1F6E17EF008AB575 = {
						CreatedOnToolsVersion = 8.3.3;
						DevelopmentTeam = T8F23BFN6Q;
						ProvisioningStyle = Automatic;
						TestTargetID = DB6941CF1F6E17EF008AB575;
					};
				};
			};
			buildConfigurationList = DB6941CB1F6E17EF008AB575 /* Build configuration list for PBXProject "ARMaze" */;
			compatibilityVersion = "Xcode 3.2";
			developmentRegion = English;
			hasScannedForEncodings = 0;
			knownRegions = (
				en,
				Base,
			);
			mainGroup = DB6941C71F6E17EF008AB575;
			productRefGroup = DB6941D11F6E17EF008AB575 /* Products */;
			projectDirPath = "";
			projectRoot = "";
			targets = (
				DB6941CF1F6E17EF008AB575 /* ARMaze */,
				DB6941E31F6E17EF008AB575 /* ARMazeTests */,
				DB6941EE1F6E17EF008AB575 /* ARMazeUITests */,
			);
		};
/* End PBXProject section */

/* Begin PBXResourcesBuildPhase section */
		DB6941CE1F6E17EF008AB575 /* Resources */ = {
			isa = PBXResourcesBuildPhase;
			buildActionMask = 2147483647;
			files = (
				DB0E63021F722A79009D3680 /* radar.png in Resources */,
				DB0E63B31F72345C009D3680 /* negy.png in Resources */,
				DB0E63B91F72345C009D3680 /* posx.png in Resources */,
				DB0E63A91F72345C009D3680 /* ceilingarraystudiospe-c01renderer.exr in Resources */,
				DB0E63BE1F72345C009D3680 /* right.png in Resources */,
				DB8A67DA1F782F3700AAF7ED /* material_23.png in Resources */,
				DB09ADD21F7844B900D4D266 /* __Metal_Aluminum_Anodized_1.jpg in Resources */,
				DB0E63B21F72345C009D3680 /* negy.jpg in Resources */,
				DB6941DE1F6E17EF008AB575 /* LaunchScreen.storyboard in Resources */,
				DB0E63BD1F72345C009D3680 /* posz.png in Resources */,
				DB0E63AB1F72345C009D3680 /* ceilingarraystudiospe-c03renderer.exr in Resources */,
				DB0E63A71F72345C009D3680 /* ceilingarraystudioird-c05renderer.exr in Resources */,
				DB0E62FC1F721067009D3680 /* GoogleService-Info.plist in Resources */,
				DB4C34201F7831590002D709 /* __Metal_Seamed_.jpg in Resources */,
				DB09ADD91F7844B900D4D266 /* MOBO.png in Resources */,
				DB0E63B61F72345C009D3680 /* nissan-front-wheel.dae in Resources */,
				DB0E63AF1F72345C009D3680 /* left.png in Resources */,
				DB09ADD51F7844B900D4D266 /* __Metal_Corrogated_Shiny_5_1.jpg in Resources */,
				DB09ADD11F7844B900D4D266 /* __0046_Gold_.jpg in Resources */,
				DB4C34251F7831590002D709 /* texture.png in Resources */,
				DB09ADDB1F7844B900D4D266 /* Sem_t_tulo-1.png in Resources */,
				DB8A67D91F782F3700AAF7ED /* material_15.JPG in Resources */,
				DB4C341F1F7831590002D709 /* __Metal_Rough__0.jpg in Resources */,
				DB4C34271F7831590002D709 /* TRC_427_ID_Plate_Texture.jpg in Resources */,
				DB4C341C1F7831590002D709 /* __Metal_Corrogated_Shiny_.jpg in Resources */,
				DB0E63A51F72345C009D3680 /* ceilingarraystudioird-c03renderer.exr in Resources */,
				DB09ADDC1F7844B900D4D266 /* controllermodel.dae in Resources */,
				DB09ADDA1F7844B900D4D266 /* ROG_extreme_2.jpg in Resources */,
				DB4C34261F7831590002D709 /* TRC_427_Display_Texture.jpg in Resources */,
				DB0E63A81F72345C009D3680 /* ceilingarraystudiospe-c00renderer.exr in Resources */,
				DB6941DB1F6E17EF008AB575 /* Assets.xcassets in Resources */,
				DB0E63A11F72345C009D3680 /* ceilingarraystudio-thumb.jpg in Resources */,
				DB0E63B71F72345C009D3680 /* noisebump.jpg in Resources */,
				DB0E63B81F72345C009D3680 /* posx.jpg in Resources */,
				DB0E63AC1F72345C009D3680 /* ceilingarraystudiospe-c04renderer.exr in Resources */,
				DB0E63A61F72345C009D3680 /* ceilingarraystudioird-c04renderer.exr in Resources */,
				DBD2078F1F6F2F1C00EBE1FC /* Images.xcassets in Resources */,
				DB0E63BB1F72345C009D3680 /* posy.png in Resources */,
				DB4C34231F7831590002D709 /* Chrome_Burst_Texture.jpg in Resources */,
				DB09ADD31F7844B900D4D266 /* __Metal_Corrogated_Shiny_2.jpg in Resources */,
				DB0E639E1F72345C009D3680 /* back.png in Resources */,
				DB8A67DB1F782F3700AAF7ED /* cratemodel.dae in Resources */,
				DB4C342B1F7831590002D709 /* radiomodel.dae in Resources */,
				DB0E63BF1F72345C009D3680 /* rough-asphalt2.jpg in Resources */,
				DB4C341E1F7831590002D709 /* __Metal_Rough_.jpg in Resources */,
				DB0E63B41F72345C009D3680 /* negz.jpg in Resources */,
				DB0E63B11F72345C009D3680 /* negx.png in Resources */,
				DB4C34221F7831590002D709 /* __Translucent_Glass_Gold_.jpg in Resources */,
				DB4C34281F7831590002D709 /* TRC_427_L_Panel_Texture.jpg in Resources */,
				DB0E63C01F72345C009D3680 /* top.png in Resources */,
				DB0E63AD1F72345C009D3680 /* ceilingarraystudiospe-c05renderer.exr in Resources */,
				DB09ADD71F7844B900D4D266 /* __Metal_Corrogated_Shiny_7.jpg in Resources */,
				DB4C341D1F7831590002D709 /* __Metal_Corrogated_Shiny__3.jpg in Resources */,
				DB09ADD41F7844B900D4D266 /* __Metal_Corrogated_Shiny_5.jpg in Resources */,
				DB0E63AA1F72345C009D3680 /* ceilingarraystudiospe-c02renderer.exr in Resources */,
				DB0E63B01F72345C009D3680 /* negx.jpg in Resources */,
				DB0E63A31F72345C009D3680 /* ceilingarraystudioird-c01renderer.exr in Resources */,
				DB0E63B51F72345C009D3680 /* negz.png in Resources */,
				DB0E63BC1F72345C009D3680 /* posz.jpg in Resources */,
				DB0E639F1F72345C009D3680 /* bottom.png in Resources */,
				DB0E63BA1F72345C009D3680 /* posy.jpg in Resources */,
				DB0E63A41F72345C009D3680 /* ceilingarraystudioird-c02renderer.exr in Resources */,
				DB4C34241F7831590002D709 /* Chrome_Burst_Texture_2.jpg in Resources */,
				DB0E63791F7231E7009D3680 /* screw.dae in Resources */,
				DBE930991F6F15F30005A272 /* ComDish.dae in Resources */,
				DB0E63A01F72345C009D3680 /* ceilingarraystudio-latlong-1krenderer.exr in Resources */,
				DB4C34211F7831590002D709 /* __Metal_Steel_Textured_White_.jpg in Resources */,
				DB09ADD81F7844B900D4D266 /* __Metal_Rough_1.jpg in Resources */,
				DBE9309B1F6F15F30005A272 /* DishDEAD.jpg in Resources */,
				DB8A67D81F782F3700AAF7ED /* material_10.png in Resources */,
				DBE9309A1F6F15F30005A272 /* Dish.jpg in Resources */,
				DB4C34291F7831590002D709 /* TRC_427_Meter_Texture.jpg in Resources */,
				DBE9309F1F6F20E00005A272 /* CGmap.jpg in Resources */,
				DB0E63A21F72345C009D3680 /* ceilingarraystudioird-c00renderer.exr in Resources */,
				DB0E63AE1F72345C009D3680 /* front.png in Resources */,
				DB4C342A1F7831590002D709 /* TRC_427_R_Panel_Texture.jpg in Resources */,
				DB09ADD61F7844B900D4D266 /* __Metal_Corrogated_Shiny_6.jpg in Resources */,
			);
			runOnlyForDeploymentPostprocessing = 0;
		};
		DB6941E21F6E17EF008AB575 /* Resources */ = {
			isa = PBXResourcesBuildPhase;
			buildActionMask = 2147483647;
			files = (
			);
			runOnlyForDeploymentPostprocessing = 0;
		};
		DB6941ED1F6E17EF008AB575 /* Resources */ = {
			isa = PBXResourcesBuildPhase;
			buildActionMask = 2147483647;
			files = (
			);
			runOnlyForDeploymentPostprocessing = 0;
		};
/* End PBXResourcesBuildPhase section */

/* Begin PBXShellScriptBuildPhase section */
		22ADFE33D49CAE40CB5412E7 /* [CP] Check Pods Manifest.lock */ = {
			isa = PBXShellScriptBuildPhase;
			buildActionMask = 2147483647;
			files = (
			);
			inputPaths = (
				"${PODS_PODFILE_DIR_PATH}/Podfile.lock",
				"${PODS_ROOT}/Manifest.lock",
			);
			name = "[CP] Check Pods Manifest.lock";
			outputPaths = (
				"$(DERIVED_FILE_DIR)/Pods-ARMaze-checkManifestLockResult.txt",
			);
			runOnlyForDeploymentPostprocessing = 0;
			shellPath = /bin/sh;
			shellScript = "diff \"${PODS_PODFILE_DIR_PATH}/Podfile.lock\" \"${PODS_ROOT}/Manifest.lock\" > /dev/null\nif [ $? != 0 ] ; then\n    # print error to STDERR\n    echo \"error: The sandbox is not in sync with the Podfile.lock. Run 'pod install' or update your CocoaPods installation.\" >&2\n    exit 1\nfi\n# This output is used by Xcode 'outputs' to avoid re-running this script phase.\necho \"SUCCESS\" > \"${SCRIPT_OUTPUT_FILE_0}\"\n";
			showEnvVarsInLog = 0;
		};
		87E42F3A3495B4EE3AE2A587 /* [CP] Copy Pods Resources */ = {
			isa = PBXShellScriptBuildPhase;
			buildActionMask = 2147483647;
			files = (
			);
			inputPaths = (
			);
			name = "[CP] Copy Pods Resources";
			outputPaths = (
			);
			runOnlyForDeploymentPostprocessing = 0;
			shellPath = /bin/sh;
			shellScript = "\"${SRCROOT}/Pods/Target Support Files/Pods-ARMaze/Pods-ARMaze-resources.sh\"\n";
			showEnvVarsInLog = 0;
		};
		9876FFF2F23FF433B365BFD3 /* [CP] Embed Pods Frameworks */ = {
			isa = PBXShellScriptBuildPhase;
			buildActionMask = 2147483647;
			files = (
			);
			inputPaths = (
				"${SRCROOT}/Pods/Target Support Files/Pods-ARMaze/Pods-ARMaze-frameworks.sh",
				"${BUILT_PRODUCTS_DIR}/GoogleToolboxForMac/GoogleToolboxForMac.framework",
				"${BUILT_PRODUCTS_DIR}/PopupDialog/PopupDialog.framework",
				"${BUILT_PRODUCTS_DIR}/SnapKit/SnapKit.framework",
				"${BUILT_PRODUCTS_DIR}/leveldb-library/leveldb.framework",
				"${BUILT_PRODUCTS_DIR}/nanopb/nanopb.framework",
			);
			name = "[CP] Embed Pods Frameworks";
			outputPaths = (
				"${TARGET_BUILD_DIR}/${FRAMEWORKS_FOLDER_PATH}/GoogleToolboxForMac.framework",
				"${TARGET_BUILD_DIR}/${FRAMEWORKS_FOLDER_PATH}/PopupDialog.framework",
				"${TARGET_BUILD_DIR}/${FRAMEWORKS_FOLDER_PATH}/SnapKit.framework",
				"${TARGET_BUILD_DIR}/${FRAMEWORKS_FOLDER_PATH}/leveldb.framework",
				"${TARGET_BUILD_DIR}/${FRAMEWORKS_FOLDER_PATH}/nanopb.framework",
			);
			runOnlyForDeploymentPostprocessing = 0;
			shellPath = /bin/sh;
			shellScript = "\"${SRCROOT}/Pods/Target Support Files/Pods-ARMaze/Pods-ARMaze-frameworks.sh\"\n";
			showEnvVarsInLog = 0;
		};
/* End PBXShellScriptBuildPhase section */

/* Begin PBXSourcesBuildPhase section */
		DB6941CC1F6E17EF008AB575 /* Sources */ = {
			isa = PBXSourcesBuildPhase;
			buildActionMask = 2147483647;
			files = (
				DBE930901F6EE5350005A272 /* ShipObject.swift in Sources */,
				DBE930A11F6F275F0005A272 /* MapViewExtensions.swift in Sources */,
				DB6941D61F6E17EF008AB575 /* StartViewController.swift in Sources */,
				DBD207971F6F3F6C00EBE1FC /* MenuViewController.swift in Sources */,
				DBD207931F6F346200EBE1FC /* LevelViewController.swift in Sources */,
				DBE9309D1F6F1C280005A272 /* Maze.swift in Sources */,
				DB6941D41F6E17EF008AB575 /* AppDelegate.swift in Sources */,
				DBD207951F6F34DF00EBE1FC /* UIColor+Theme.swift in Sources */,
				DBE9308C1F6EE2E40005A272 /* InventoryViewController.swift in Sources */,
				DBD2079D1F6FA80500EBE1FC /* ImageMapViewController.swift in Sources */,
				DBD207911F6F343300EBE1FC /* NameViewController.swift in Sources */,
				DB6942021F6E1872008AB575 /* NetworkController.swift in Sources */,
				DBE9308E1F6EE3120005A272 /* LeaderBoard.swift in Sources */,
				DBE930921F6EE5930005A272 /* MapViewController.swift in Sources */,
				DBE930941F6EE84F0005A272 /* ARView.swift in Sources */,
				DB5903371F70A608006E5CAD /* ScoreObject.swift in Sources */,
			);
			runOnlyForDeploymentPostprocessing = 0;
		};
		DB6941E01F6E17EF008AB575 /* Sources */ = {
			isa = PBXSourcesBuildPhase;
			buildActionMask = 2147483647;
			files = (
				DB6941E91F6E17EF008AB575 /* ARMazeTests.swift in Sources */,
			);
			runOnlyForDeploymentPostprocessing = 0;
		};
		DB6941EB1F6E17EF008AB575 /* Sources */ = {
			isa = PBXSourcesBuildPhase;
			buildActionMask = 2147483647;
			files = (
				DB6941F41F6E17EF008AB575 /* ARMazeUITests.swift in Sources */,
			);
			runOnlyForDeploymentPostprocessing = 0;
		};
/* End PBXSourcesBuildPhase section */

/* Begin PBXTargetDependency section */
		DB6941E61F6E17EF008AB575 /* PBXTargetDependency */ = {
			isa = PBXTargetDependency;
			target = DB6941CF1F6E17EF008AB575 /* ARMaze */;
			targetProxy = DB6941E51F6E17EF008AB575 /* PBXContainerItemProxy */;
		};
		DB6941F11F6E17EF008AB575 /* PBXTargetDependency */ = {
			isa = PBXTargetDependency;
			target = DB6941CF1F6E17EF008AB575 /* ARMaze */;
			targetProxy = DB6941F01F6E17EF008AB575 /* PBXContainerItemProxy */;
		};
/* End PBXTargetDependency section */

/* Begin PBXVariantGroup section */
		DB6941DC1F6E17EF008AB575 /* LaunchScreen.storyboard */ = {
			isa = PBXVariantGroup;
			children = (
				DB6941DD1F6E17EF008AB575 /* Base */,
			);
			name = LaunchScreen.storyboard;
			sourceTree = "<group>";
		};
/* End PBXVariantGroup section */

/* Begin XCBuildConfiguration section */
		DB6941F61F6E17EF008AB575 /* Debug */ = {
			isa = XCBuildConfiguration;
			buildSettings = {
				ALWAYS_SEARCH_USER_PATHS = NO;
				CLANG_ANALYZER_NONNULL = YES;
				CLANG_ANALYZER_NUMBER_OBJECT_CONVERSION = YES_AGGRESSIVE;
				CLANG_CXX_LANGUAGE_STANDARD = "gnu++0x";
				CLANG_CXX_LIBRARY = "libc++";
				CLANG_ENABLE_MODULES = YES;
				CLANG_ENABLE_OBJC_ARC = YES;
				CLANG_WARN_BOOL_CONVERSION = YES;
				CLANG_WARN_CONSTANT_CONVERSION = YES;
				CLANG_WARN_DIRECT_OBJC_ISA_USAGE = YES_ERROR;
				CLANG_WARN_DOCUMENTATION_COMMENTS = YES;
				CLANG_WARN_EMPTY_BODY = YES;
				CLANG_WARN_ENUM_CONVERSION = YES;
				CLANG_WARN_INFINITE_RECURSION = YES;
				CLANG_WARN_INT_CONVERSION = YES;
				CLANG_WARN_OBJC_ROOT_CLASS = YES_ERROR;
				CLANG_WARN_SUSPICIOUS_MOVE = YES;
				CLANG_WARN_UNREACHABLE_CODE = YES;
				CLANG_WARN__DUPLICATE_METHOD_MATCH = YES;
				"CODE_SIGN_IDENTITY[sdk=iphoneos*]" = "iPhone Developer";
				COPY_PHASE_STRIP = NO;
				DEBUG_INFORMATION_FORMAT = dwarf;
				ENABLE_STRICT_OBJC_MSGSEND = YES;
				ENABLE_TESTABILITY = YES;
				GCC_C_LANGUAGE_STANDARD = gnu99;
				GCC_DYNAMIC_NO_PIC = NO;
				GCC_NO_COMMON_BLOCKS = YES;
				GCC_OPTIMIZATION_LEVEL = 0;
				GCC_PREPROCESSOR_DEFINITIONS = (
					"DEBUG=1",
					"$(inherited)",
				);
				GCC_WARN_64_TO_32_BIT_CONVERSION = YES;
				GCC_WARN_ABOUT_RETURN_TYPE = YES_ERROR;
				GCC_WARN_UNDECLARED_SELECTOR = YES;
				GCC_WARN_UNINITIALIZED_AUTOS = YES_AGGRESSIVE;
				GCC_WARN_UNUSED_FUNCTION = YES;
				GCC_WARN_UNUSED_VARIABLE = YES;
				IPHONEOS_DEPLOYMENT_TARGET = 10.3;
				MTL_ENABLE_DEBUG_INFO = YES;
				ONLY_ACTIVE_ARCH = YES;
				SDKROOT = iphoneos;
				SWIFT_ACTIVE_COMPILATION_CONDITIONS = DEBUG;
				SWIFT_OPTIMIZATION_LEVEL = "-Onone";
				TARGETED_DEVICE_FAMILY = "1,2";
			};
			name = Debug;
		};
		DB6941F71F6E17EF008AB575 /* Release */ = {
			isa = XCBuildConfiguration;
			buildSettings = {
				ALWAYS_SEARCH_USER_PATHS = NO;
				CLANG_ANALYZER_NONNULL = YES;
				CLANG_ANALYZER_NUMBER_OBJECT_CONVERSION = YES_AGGRESSIVE;
				CLANG_CXX_LANGUAGE_STANDARD = "gnu++0x";
				CLANG_CXX_LIBRARY = "libc++";
				CLANG_ENABLE_MODULES = YES;
				CLANG_ENABLE_OBJC_ARC = YES;
				CLANG_WARN_BOOL_CONVERSION = YES;
				CLANG_WARN_CONSTANT_CONVERSION = YES;
				CLANG_WARN_DIRECT_OBJC_ISA_USAGE = YES_ERROR;
				CLANG_WARN_DOCUMENTATION_COMMENTS = YES;
				CLANG_WARN_EMPTY_BODY = YES;
				CLANG_WARN_ENUM_CONVERSION = YES;
				CLANG_WARN_INFINITE_RECURSION = YES;
				CLANG_WARN_INT_CONVERSION = YES;
				CLANG_WARN_OBJC_ROOT_CLASS = YES_ERROR;
				CLANG_WARN_SUSPICIOUS_MOVE = YES;
				CLANG_WARN_UNREACHABLE_CODE = YES;
				CLANG_WARN__DUPLICATE_METHOD_MATCH = YES;
				"CODE_SIGN_IDENTITY[sdk=iphoneos*]" = "iPhone Developer";
				COPY_PHASE_STRIP = NO;
				DEBUG_INFORMATION_FORMAT = "dwarf-with-dsym";
				ENABLE_NS_ASSERTIONS = NO;
				ENABLE_STRICT_OBJC_MSGSEND = YES;
				GCC_C_LANGUAGE_STANDARD = gnu99;
				GCC_NO_COMMON_BLOCKS = YES;
				GCC_WARN_64_TO_32_BIT_CONVERSION = YES;
				GCC_WARN_ABOUT_RETURN_TYPE = YES_ERROR;
				GCC_WARN_UNDECLARED_SELECTOR = YES;
				GCC_WARN_UNINITIALIZED_AUTOS = YES_AGGRESSIVE;
				GCC_WARN_UNUSED_FUNCTION = YES;
				GCC_WARN_UNUSED_VARIABLE = YES;
				IPHONEOS_DEPLOYMENT_TARGET = 10.3;
				MTL_ENABLE_DEBUG_INFO = NO;
				SDKROOT = iphoneos;
				SWIFT_OPTIMIZATION_LEVEL = "-Owholemodule";
				TARGETED_DEVICE_FAMILY = "1,2";
				VALIDATE_PRODUCT = YES;
			};
			name = Release;
		};
		DB6941F91F6E17EF008AB575 /* Debug */ = {
			isa = XCBuildConfiguration;
			baseConfigurationReference = 2BD17069D67A74DE411437AE /* Pods-ARMaze.debug.xcconfig */;
			buildSettings = {
				ASSETCATALOG_COMPILER_APPICON_NAME = AppIcon;
				DEVELOPMENT_TEAM = T8F23BFN6Q;
				INFOPLIST_FILE = ARMaze/Info.plist;
				LD_RUNPATH_SEARCH_PATHS = "$(inherited) @executable_path/Frameworks";
				PRODUCT_BUNDLE_IDENTIFIER = taraw.ARMaze;
				PRODUCT_NAME = "$(TARGET_NAME)";
				SWIFT_VERSION = 3.0;
			};
			name = Debug;
		};
		DB6941FA1F6E17EF008AB575 /* Release */ = {
			isa = XCBuildConfiguration;
			baseConfigurationReference = DE80D6B2C15C94292EA8F1F8 /* Pods-ARMaze.release.xcconfig */;
			buildSettings = {
				ASSETCATALOG_COMPILER_APPICON_NAME = AppIcon;
				DEVELOPMENT_TEAM = T8F23BFN6Q;
				INFOPLIST_FILE = ARMaze/Info.plist;
				LD_RUNPATH_SEARCH_PATHS = "$(inherited) @executable_path/Frameworks";
				PRODUCT_BUNDLE_IDENTIFIER = taraw.ARMaze;
				PRODUCT_NAME = "$(TARGET_NAME)";
				SWIFT_VERSION = 3.0;
			};
			name = Release;
		};
		DB6941FC1F6E17EF008AB575 /* Debug */ = {
			isa = XCBuildConfiguration;
			buildSettings = {
				ALWAYS_EMBED_SWIFT_STANDARD_LIBRARIES = YES;
				BUNDLE_LOADER = "$(TEST_HOST)";
				DEVELOPMENT_TEAM = T8F23BFN6Q;
				INFOPLIST_FILE = ARMazeTests/Info.plist;
				LD_RUNPATH_SEARCH_PATHS = "$(inherited) @executable_path/Frameworks @loader_path/Frameworks";
				PRODUCT_BUNDLE_IDENTIFIER = taraw.ARMazeTests;
				PRODUCT_NAME = "$(TARGET_NAME)";
				SWIFT_VERSION = 3.0;
				TEST_HOST = "$(BUILT_PRODUCTS_DIR)/ARMaze.app/ARMaze";
			};
			name = Debug;
		};
		DB6941FD1F6E17EF008AB575 /* Release */ = {
			isa = XCBuildConfiguration;
			buildSettings = {
				ALWAYS_EMBED_SWIFT_STANDARD_LIBRARIES = YES;
				BUNDLE_LOADER = "$(TEST_HOST)";
				DEVELOPMENT_TEAM = T8F23BFN6Q;
				INFOPLIST_FILE = ARMazeTests/Info.plist;
				LD_RUNPATH_SEARCH_PATHS = "$(inherited) @executable_path/Frameworks @loader_path/Frameworks";
				PRODUCT_BUNDLE_IDENTIFIER = taraw.ARMazeTests;
				PRODUCT_NAME = "$(TARGET_NAME)";
				SWIFT_VERSION = 3.0;
				TEST_HOST = "$(BUILT_PRODUCTS_DIR)/ARMaze.app/ARMaze";
			};
			name = Release;
		};
		DB6941FF1F6E17EF008AB575 /* Debug */ = {
			isa = XCBuildConfiguration;
			buildSettings = {
				ALWAYS_EMBED_SWIFT_STANDARD_LIBRARIES = YES;
				DEVELOPMENT_TEAM = T8F23BFN6Q;
				INFOPLIST_FILE = ARMazeUITests/Info.plist;
				LD_RUNPATH_SEARCH_PATHS = "$(inherited) @executable_path/Frameworks @loader_path/Frameworks";
				PRODUCT_BUNDLE_IDENTIFIER = taraw.ARMazeUITests;
				PRODUCT_NAME = "$(TARGET_NAME)";
				SWIFT_VERSION = 3.0;
				TEST_TARGET_NAME = ARMaze;
			};
			name = Debug;
		};
		DB6942001F6E17EF008AB575 /* Release */ = {
			isa = XCBuildConfiguration;
			buildSettings = {
				ALWAYS_EMBED_SWIFT_STANDARD_LIBRARIES = YES;
				DEVELOPMENT_TEAM = T8F23BFN6Q;
				INFOPLIST_FILE = ARMazeUITests/Info.plist;
				LD_RUNPATH_SEARCH_PATHS = "$(inherited) @executable_path/Frameworks @loader_path/Frameworks";
				PRODUCT_BUNDLE_IDENTIFIER = taraw.ARMazeUITests;
				PRODUCT_NAME = "$(TARGET_NAME)";
				SWIFT_VERSION = 3.0;
				TEST_TARGET_NAME = ARMaze;
			};
			name = Release;
		};
/* End XCBuildConfiguration section */

/* Begin XCConfigurationList section */
		DB6941CB1F6E17EF008AB575 /* Build configuration list for PBXProject "ARMaze" */ = {
			isa = XCConfigurationList;
			buildConfigurations = (
				DB6941F61F6E17EF008AB575 /* Debug */,
				DB6941F71F6E17EF008AB575 /* Release */,
			);
			defaultConfigurationIsVisible = 0;
			defaultConfigurationName = Release;
		};
		DB6941F81F6E17EF008AB575 /* Build configuration list for PBXNativeTarget "ARMaze" */ = {
			isa = XCConfigurationList;
			buildConfigurations = (
				DB6941F91F6E17EF008AB575 /* Debug */,
				DB6941FA1F6E17EF008AB575 /* Release */,
			);
			defaultConfigurationIsVisible = 0;
			defaultConfigurationName = Release;
		};
		DB6941FB1F6E17EF008AB575 /* Build configuration list for PBXNativeTarget "ARMazeTests" */ = {
			isa = XCConfigurationList;
			buildConfigurations = (
				DB6941FC1F6E17EF008AB575 /* Debug */,
				DB6941FD1F6E17EF008AB575 /* Release */,
			);
			defaultConfigurationIsVisible = 0;
			defaultConfigurationName = Release;
		};
		DB6941FE1F6E17EF008AB575 /* Build configuration list for PBXNativeTarget "ARMazeUITests" */ = {
			isa = XCConfigurationList;
			buildConfigurations = (
				DB6941FF1F6E17EF008AB575 /* Debug */,
				DB6942001F6E17EF008AB575 /* Release */,
			);
			defaultConfigurationIsVisible = 0;
			defaultConfigurationName = Release;
		};
/* End XCConfigurationList section */
	};
	rootObject = DB6941C81F6E17EF008AB575 /* Project object */;
}
